
Microsoft Visual Studio Solution File, Format Version 12.00
# Visual Studio Version 17
VisualStudioVersion = 17.11.35303.130
MinimumVisualStudioVersion = 10.0.40219.1
Project("{FAE04EC0-301F-11D3-BF4B-00C04F79EFBC}") = "DesignEasyHouse", "DesignEasyHouse1\DesignEasyHouse.csproj", "{3AAAF170-A3E3-4DDD-A880-99FC9D5EF4FB}"
EndProject
Global
	GlobalSection(SolutionConfigurationPlatforms) = preSolution
		Debug|Any CPU = Debug|Any CPU
		Release|Any CPU = Release|Any CPU
	EndGlobalSection
	GlobalSection(ProjectConfigurationPlatforms) = postSolution
		{3AAAF170-A3E3-4DDD-A880-99FC9D5EF4FB}.Debug|Any CPU.ActiveCfg = Debug|Any CPU
		{3AAAF170-A3E3-4DDD-A880-99FC9D5EF4FB}.Debug|Any CPU.Build.0 = Debug|Any CPU
		{3AAAF170-A3E3-4DDD-A880-99FC9D5EF4FB}.Release|Any CPU.ActiveCfg = Release|Any CPU
		{3AAAF170-A3E3-4DDD-A880-99FC9D5EF4FB}.Release|Any CPU.Build.0 = Release|Any CPU
	EndGlobalSection
	GlobalSection(SolutionProperties) = preSolution
		HideSolutionNode = FALSE
	EndGlobalSection
	GlobalSection(ExtensibilityGlobals) = postSolution
		SolutionGuid = {00E228E5-B61F-4CDA-B2F5-75F9380AAD67}
	EndGlobalSection
EndGlobal
